{
  "originHash" : "3d792dedf2f6be5880d8d1b3b29e495dcbe7b3d172de59f0eee18371dae365ba",
  "pins" : [
    {
      "identity" : "app-store-server-library-swift",
      "kind" : "remoteSourceControl",
      "location" : "https://github.com/apple/app-store-server-library-swift.git",
      "state" : {
        "revision" : "71025bf5e4f3752efc895662d86cc4a4bd7d301a",
        "version" : "0.1.0"
      }
    },
    {
      "identity" : "jwt-kit",
      "kind" : "remoteSourceControl",
      "location" : "https://github.com/vapor/jwt-kit.git",
      "state" : {
        "revision" : "13e7513b3ba0afa13967daf77af2fb4ad087306c",
        "version" : "4.13.5"
      }
    },
    {
      "identity" : "swift-argument-parser",
      "kind" : "remoteSourceControl",
      "location" : "https://github.com/apple/swift-argument-parser.git",
      "state" : {
        "revision" : "626b5b7b2f45e1b0b1c6f4a309296d1d21d7311b",
        "version" : "1.7.1"
      }
    },
    {
      "identity" : "swift-asn1",
      "kind" : "remoteSourceControl",
      "location" : "https://github.com/apple/swift-asn1.git",
      "state" : {
        "revision" : "a53d9f676cbc84ccc1643cf559a470ee5732ebb6",
        "version" : "0.8.0"
      }
    },
    {
      "identity" : "swift-certificates",
      "kind" : "remoteSourceControl",
      "location" : "https://github.com/apple/swift-certificates.git",
      "state" : {
        "revision" : "ac767dc44200cf11b1cb025cb8a65c772a2770fa",
        "version" : "0.5.0"
      }
    },
    {
      "identity" : "swift-crypto",
      "kind" : "remoteSourceControl",
      "location" : "https://github.com/apple/swift-crypto.git",
      "state" : {
        "revision" : "60f13f60c4d093691934dc6cfdf5f508ada1f894",
        "version" : "2.6.0"
      }
    }
  ],
  "version" : 3
}
